
Microsoft Visual Studio Solution File, Format Version 12.00
# Visual Studio Version 16
VisualStudioVersion = 16.0.31624.102
MinimumVisualStudioVersion = 10.0.40219.1
Project("{FAE04EC0-301F-11D3-BF4B-00C04F79EFBC}") = "EstandaresdeCalidad_Hotel", "EstandaresdeCalidad_Hotel\EstandaresdeCalidad_Hotel.csproj", "{B900CAF5-4FBB-4C2F-9DD2-E6CA52DE6165}"
EndProject
Global
	GlobalSection(SolutionConfigurationPlatforms) = preSolution
		Debug|Any CPU = Debug|Any CPU
		Release|Any CPU = Release|Any CPU
	EndGlobalSection
	GlobalSection(ProjectConfigurationPlatforms) = postSolution
		{B900CAF5-4FBB-4C2F-9DD2-E6CA52DE6165}.Debug|Any CPU.ActiveCfg = Debug|Any CPU
		{B900CAF5-4FBB-4C2F-9DD2-E6CA52DE6165}.Debug|Any CPU.Build.0 = Debug|Any CPU
		{B900CAF5-4FBB-4C2F-9DD2-E6CA52DE6165}.Release|Any CPU.ActiveCfg = Release|Any CPU
		{B900CAF5-4FBB-4C2F-9DD2-E6CA52DE6165}.Release|Any CPU.Build.0 = Release|Any CPU
	EndGlobalSection
	GlobalSection(SolutionProperties) = preSolution
		HideSolutionNode = FALSE
	EndGlobalSection
	GlobalSection(ExtensibilityGlobals) = postSolution
		SolutionGuid = {11A05698-73A2-4BB0-8346-4816F9CD6538}
	EndGlobalSection
EndGlobal
